
Microsoft Visual Studio Solution File, Format Version 12.00
# Visual Studio Version 17
VisualStudioVersion = 17.5.002.0
MinimumVisualStudioVersion = 10.0.40219.1
Project("{9A19103F-16F7-4668-BE54-9A1E7A4F7556}") = "benchmark", "benchmark.csproj", "{B428A390-0727-4AE9-BFF3-17ACC2C26101}"
EndProject
Project("{2150E333-8FDC-42A3-9474-1A3956D46DE8}") = "bin", "bin", "{3B62FACF-B707-4055-A15C-D9E1FF1B1184}"
EndProject
Project("{2150E333-8FDC-42A3-9474-1A3956D46DE8}") = "release", "release", "{F060F3FE-36E8-408A-AE85-98CE00C6912D}"
EndProject
Project("{2150E333-8FDC-42A3-9474-1A3956D46DE8}") = "net7.0", "net7.0", "{C45C1552-991E-4C0D-B74B-E859997153FB}"
EndProject
Project("{9A19103F-16F7-4668-BE54-9A1E7A4F7556}") = "BenchmarkDotNet.Autogenerated", "bin\release\net7.0\a81285c5-e7e8-4dd1-bf1c-d15e989c4a09\BenchmarkDotNet.Autogenerated.csproj", "{B1858DC4-8675-4B46-8365-289FB28F08C3}"
EndProject
Global
	GlobalSection(SolutionConfigurationPlatforms) = preSolution
		Debug|Any CPU = Debug|Any CPU
		Release|Any CPU = Release|Any CPU
	EndGlobalSection
	GlobalSection(ProjectConfigurationPlatforms) = postSolution
		{B428A390-0727-4AE9-BFF3-17ACC2C26101}.Debug|Any CPU.ActiveCfg = Debug|Any CPU
		{B428A390-0727-4AE9-BFF3-17ACC2C26101}.Debug|Any CPU.Build.0 = Debug|Any CPU
		{B428A390-0727-4AE9-BFF3-17ACC2C26101}.Release|Any CPU.ActiveCfg = Release|Any CPU
		{B428A390-0727-4AE9-BFF3-17ACC2C26101}.Release|Any CPU.Build.0 = Release|Any CPU
		{B1858DC4-8675-4B46-8365-289FB28F08C3}.Debug|Any CPU.ActiveCfg = Debug|Any CPU
		{B1858DC4-8675-4B46-8365-289FB28F08C3}.Debug|Any CPU.Build.0 = Debug|Any CPU
		{B1858DC4-8675-4B46-8365-289FB28F08C3}.Release|Any CPU.ActiveCfg = Release|Any CPU
		{B1858DC4-8675-4B46-8365-289FB28F08C3}.Release|Any CPU.Build.0 = Release|Any CPU
	EndGlobalSection
	GlobalSection(SolutionProperties) = preSolution
		HideSolutionNode = FALSE
	EndGlobalSection
	GlobalSection(NestedProjects) = preSolution
		{F060F3FE-36E8-408A-AE85-98CE00C6912D} = {3B62FACF-B707-4055-A15C-D9E1FF1B1184}
		{C45C1552-991E-4C0D-B74B-E859997153FB} = {F060F3FE-36E8-408A-AE85-98CE00C6912D}
		{B1858DC4-8675-4B46-8365-289FB28F08C3} = {C45C1552-991E-4C0D-B74B-E859997153FB}
	EndGlobalSection
	GlobalSection(ExtensibilityGlobals) = postSolution
		SolutionGuid = {52F639EF-FFE3-4D9A-8C5C-81A191F71860}
	EndGlobalSection
EndGlobal
